
Microsoft Visual Studio Solution File, Format Version 10.00
# Visual Studio 2008
Project("{FAE04EC0-301F-11D3-BF4B-00C04F79EFBC}") = "ImageTool", "ImageTool\ImageTool.csproj", "{415B064B-9E1F-4DF2-89D4-275A00987809}"
EndProject
Global
	GlobalSection(SolutionConfigurationPlatforms) = preSolution
		Debug|Any CPU = Debug|Any CPU
		Release|Any CPU = Release|Any CPU
	EndGlobalSection
	GlobalSection(ProjectConfigurationPlatforms) = postSolution
		{415B064B-9E1F-4DF2-89D4-275A00987809}.Debug|Any CPU.ActiveCfg = Debug|Any CPU
		{415B064B-9E1F-4DF2-89D4-275A00987809}.Debug|Any CPU.Build.0 = Debug|Any CPU
		{415B064B-9E1F-4DF2-89D4-275A00987809}.Release|Any CPU.ActiveCfg = Release|Any CPU
		{415B064B-9E1F-4DF2-89D4-275A00987809}.Release|Any CPU.Build.0 = Release|Any CPU
	EndGlobalSection
	GlobalSection(SolutionProperties) = preSolution
		HideSolutionNode = FALSE
	EndGlobalSection
EndGlobal
